
Microsoft Visual Studio Solution File, Format Version 11.00
# Visual Studio 2010
Project("{FAE04EC0-301F-11D3-BF4B-00C04F79EFBC}") = "UnityShader", "Unity.Postprocessing.Runtime.csproj", "{718D9583-0EAB-AD48-983B-7A1F4196C1C9}"
EndProject
Project("{FAE04EC0-301F-11D3-BF4B-00C04F79EFBC}") = "UnityShader", "Assembly-CSharp.csproj", "{90859E49-38CD-48BA-6558-20E4D1423903}"
EndProject
Project("{FAE04EC0-301F-11D3-BF4B-00C04F79EFBC}") = "UnityShader", "Unity.Postprocessing.Editor.csproj", "{7C919DAF-55ED-468C-6D69-792B27FFFE76}"
EndProject
Global
	GlobalSection(SolutionConfigurationPlatforms) = preSolution
		Debug|Any CPU = Debug|Any CPU
		Release|Any CPU = Release|Any CPU
	EndGlobalSection
	GlobalSection(ProjectConfigurationPlatforms) = postSolution
		{718D9583-0EAB-AD48-983B-7A1F4196C1C9}.Debug|Any CPU.ActiveCfg = Debug|Any CPU
		{718D9583-0EAB-AD48-983B-7A1F4196C1C9}.Debug|Any CPU.Build.0 = Debug|Any CPU
		{718D9583-0EAB-AD48-983B-7A1F4196C1C9}.Release|Any CPU.ActiveCfg = Release|Any CPU
		{718D9583-0EAB-AD48-983B-7A1F4196C1C9}.Release|Any CPU.Build.0 = Release|Any CPU
		{90859E49-38CD-48BA-6558-20E4D1423903}.Debug|Any CPU.ActiveCfg = Debug|Any CPU
		{90859E49-38CD-48BA-6558-20E4D1423903}.Debug|Any CPU.Build.0 = Debug|Any CPU
		{90859E49-38CD-48BA-6558-20E4D1423903}.Release|Any CPU.ActiveCfg = Release|Any CPU
		{90859E49-38CD-48BA-6558-20E4D1423903}.Release|Any CPU.Build.0 = Release|Any CPU
		{7C919DAF-55ED-468C-6D69-792B27FFFE76}.Debug|Any CPU.ActiveCfg = Debug|Any CPU
		{7C919DAF-55ED-468C-6D69-792B27FFFE76}.Debug|Any CPU.Build.0 = Debug|Any CPU
		{7C919DAF-55ED-468C-6D69-792B27FFFE76}.Release|Any CPU.ActiveCfg = Release|Any CPU
		{7C919DAF-55ED-468C-6D69-792B27FFFE76}.Release|Any CPU.Build.0 = Release|Any CPU
	EndGlobalSection
	GlobalSection(SolutionProperties) = preSolution
		HideSolutionNode = FALSE
	EndGlobalSection
	GlobalSection(MonoDevelopProperties) = preSolution
		StartupItem = Assembly-CSharp.csproj
	EndGlobalSection
EndGlobal
